
Microsoft Visual Studio Solution File, Format Version 12.00
# Visual Studio 2013
VisualStudioVersion = 12.0.21005.1
MinimumVisualStudioVersion = 10.0.40219.1
Project("{2150E333-8FDC-42A3-9474-1A3956D46DE8}") = "4-展现层", "4-展现层", "{2B257628-CB00-42A5-BA73-654C1A1B246A}"
EndProject
Project("{2150E333-8FDC-42A3-9474-1A3956D46DE8}") = "1-基础设施", "1-基础设施", "{1F89658D-36FA-444F-AFCC-FBE7611DE77A}"
EndProject
Project("{FAE04EC0-301F-11D3-BF4B-00C04F79EFBC}") = "OBone.Core", "OBone.Core\OBone.Core.csproj", "{D0B47E3E-DA03-405D-B369-151459157693}"
EndProject
Project("{FAE04EC0-301F-11D3-BF4B-00C04F79EFBC}") = "OBone.Core.Data.Entity", "OBone.Core.Data.Entity\OBone.Core.Data.Entity.csproj", "{43327971-2996-4A4D-A2CC-F491B31F1493}"
EndProject
Project("{FAE04EC0-301F-11D3-BF4B-00C04F79EFBC}") = "OBone.API", "OBone.API\OBone.API.csproj", "{E637DBB3-9EB5-4555-9625-7039BCE49E12}"
EndProject
Project("{2150E333-8FDC-42A3-9474-1A3956D46DE8}") = "3-逻辑层", "3-逻辑层", "{182913B6-D217-450B-8A8F-ECE069EBB8C3}"
EndProject
Project("{FAE04EC0-301F-11D3-BF4B-00C04F79EFBC}") = "OBone.Application", "OBone.Application\OBone.Application.csproj", "{B4FC9916-8D92-4B6E-8F70-155B8B3575EB}"
EndProject
Project("{2150E333-8FDC-42A3-9474-1A3956D46DE8}") = "2-接口", "2-接口", "{63ADB756-1837-474C-AA5A-03241B762E50}"
EndProject
Project("{2150E333-8FDC-42A3-9474-1A3956D46DE8}") = "5-测试", "5-测试", "{A7431686-AF05-4682-A230-4D990A5A7CD2}"
EndProject
Project("{FAE04EC0-301F-11D3-BF4B-00C04F79EFBC}") = "OBone.Utility.Tests", "OBone.Utility.Tests\OBone.Utility.Tests.csproj", "{96935D06-5B04-4DAE-B02B-90AD1AAC63EE}"
EndProject
Project("{FAE04EC0-301F-11D3-BF4B-00C04F79EFBC}") = "OBone.Redis.Tests", "OBone.Redis.Tests\OBone.Redis.Tests.csproj", "{C16832DB-32AD-4EFE-B99A-14F4EE9E336B}"
EndProject
Project("{FAE04EC0-301F-11D3-BF4B-00C04F79EFBC}") = "OBone.Redis", "OBone.Redis\OBone.Redis.csproj", "{B32D5477-3F86-4657-995B-AED87F13E331}"
EndProject
Project("{FAE04EC0-301F-11D3-BF4B-00C04F79EFBC}") = "OBone.Utility", "OBone.Utility\OBone.Utility.csproj", "{57866B33-D050-4562-84AD-472824C8EAC6}"
EndProject
Project("{FAE04EC0-301F-11D3-BF4B-00C04F79EFBC}") = "OBone.Caching", "OBone.Caching\OBone.Caching.csproj", "{8F9A5E89-2AE2-4CD6-9005-77F6AEF8212E}"
EndProject
Project("{FAE04EC0-301F-11D3-BF4B-00C04F79EFBC}") = "OBone.Application.Caching", "OBone.Application.Caching\OBone.Application.Caching.csproj", "{FACABD92-21CE-46FD-8C49-C35DC9E330A8}"
EndProject
Project("{FAE04EC0-301F-11D3-BF4B-00C04F79EFBC}") = "OBone.Redis.ServiceStack.Tests", "OBone.Redis.ServiceStack.Tests\OBone.Redis.ServiceStack.Tests.csproj", "{6C833629-2E27-4FD2-9D5C-A45FC5AEE8F7}"
EndProject
Global
	GlobalSection(SolutionConfigurationPlatforms) = preSolution
		Debug|Any CPU = Debug|Any CPU
		Release|Any CPU = Release|Any CPU
	EndGlobalSection
	GlobalSection(ProjectConfigurationPlatforms) = postSolution
		{D0B47E3E-DA03-405D-B369-151459157693}.Debug|Any CPU.ActiveCfg = Debug|Any CPU
		{D0B47E3E-DA03-405D-B369-151459157693}.Debug|Any CPU.Build.0 = Debug|Any CPU
		{D0B47E3E-DA03-405D-B369-151459157693}.Release|Any CPU.ActiveCfg = Release|Any CPU
		{D0B47E3E-DA03-405D-B369-151459157693}.Release|Any CPU.Build.0 = Release|Any CPU
		{43327971-2996-4A4D-A2CC-F491B31F1493}.Debug|Any CPU.ActiveCfg = Debug|Any CPU
		{43327971-2996-4A4D-A2CC-F491B31F1493}.Debug|Any CPU.Build.0 = Debug|Any CPU
		{43327971-2996-4A4D-A2CC-F491B31F1493}.Release|Any CPU.ActiveCfg = Release|Any CPU
		{43327971-2996-4A4D-A2CC-F491B31F1493}.Release|Any CPU.Build.0 = Release|Any CPU
		{E637DBB3-9EB5-4555-9625-7039BCE49E12}.Debug|Any CPU.ActiveCfg = Debug|Any CPU
		{E637DBB3-9EB5-4555-9625-7039BCE49E12}.Debug|Any CPU.Build.0 = Debug|Any CPU
		{E637DBB3-9EB5-4555-9625-7039BCE49E12}.Release|Any CPU.ActiveCfg = Release|Any CPU
		{E637DBB3-9EB5-4555-9625-7039BCE49E12}.Release|Any CPU.Build.0 = Release|Any CPU
		{B4FC9916-8D92-4B6E-8F70-155B8B3575EB}.Debug|Any CPU.ActiveCfg = Debug|Any CPU
		{B4FC9916-8D92-4B6E-8F70-155B8B3575EB}.Debug|Any CPU.Build.0 = Debug|Any CPU
		{B4FC9916-8D92-4B6E-8F70-155B8B3575EB}.Release|Any CPU.ActiveCfg = Release|Any CPU
		{B4FC9916-8D92-4B6E-8F70-155B8B3575EB}.Release|Any CPU.Build.0 = Release|Any CPU
		{96935D06-5B04-4DAE-B02B-90AD1AAC63EE}.Debug|Any CPU.ActiveCfg = Debug|Any CPU
		{96935D06-5B04-4DAE-B02B-90AD1AAC63EE}.Debug|Any CPU.Build.0 = Debug|Any CPU
		{96935D06-5B04-4DAE-B02B-90AD1AAC63EE}.Release|Any CPU.ActiveCfg = Release|Any CPU
		{96935D06-5B04-4DAE-B02B-90AD1AAC63EE}.Release|Any CPU.Build.0 = Release|Any CPU
		{C16832DB-32AD-4EFE-B99A-14F4EE9E336B}.Debug|Any CPU.ActiveCfg = Debug|Any CPU
		{C16832DB-32AD-4EFE-B99A-14F4EE9E336B}.Debug|Any CPU.Build.0 = Debug|Any CPU
		{C16832DB-32AD-4EFE-B99A-14F4EE9E336B}.Release|Any CPU.ActiveCfg = Release|Any CPU
		{C16832DB-32AD-4EFE-B99A-14F4EE9E336B}.Release|Any CPU.Build.0 = Release|Any CPU
		{B32D5477-3F86-4657-995B-AED87F13E331}.Debug|Any CPU.ActiveCfg = Debug|Any CPU
		{B32D5477-3F86-4657-995B-AED87F13E331}.Debug|Any CPU.Build.0 = Debug|Any CPU
		{B32D5477-3F86-4657-995B-AED87F13E331}.Release|Any CPU.ActiveCfg = Release|Any CPU
		{B32D5477-3F86-4657-995B-AED87F13E331}.Release|Any CPU.Build.0 = Release|Any CPU
		{57866B33-D050-4562-84AD-472824C8EAC6}.Debug|Any CPU.ActiveCfg = Debug|Any CPU
		{57866B33-D050-4562-84AD-472824C8EAC6}.Debug|Any CPU.Build.0 = Debug|Any CPU
		{57866B33-D050-4562-84AD-472824C8EAC6}.Release|Any CPU.ActiveCfg = Release|Any CPU
		{57866B33-D050-4562-84AD-472824C8EAC6}.Release|Any CPU.Build.0 = Release|Any CPU
		{8F9A5E89-2AE2-4CD6-9005-77F6AEF8212E}.Debug|Any CPU.ActiveCfg = Debug|Any CPU
		{8F9A5E89-2AE2-4CD6-9005-77F6AEF8212E}.Debug|Any CPU.Build.0 = Debug|Any CPU
		{8F9A5E89-2AE2-4CD6-9005-77F6AEF8212E}.Release|Any CPU.ActiveCfg = Release|Any CPU
		{8F9A5E89-2AE2-4CD6-9005-77F6AEF8212E}.Release|Any CPU.Build.0 = Release|Any CPU
		{FACABD92-21CE-46FD-8C49-C35DC9E330A8}.Debug|Any CPU.ActiveCfg = Debug|Any CPU
		{FACABD92-21CE-46FD-8C49-C35DC9E330A8}.Debug|Any CPU.Build.0 = Debug|Any CPU
		{FACABD92-21CE-46FD-8C49-C35DC9E330A8}.Release|Any CPU.ActiveCfg = Release|Any CPU
		{FACABD92-21CE-46FD-8C49-C35DC9E330A8}.Release|Any CPU.Build.0 = Release|Any CPU
		{6C833629-2E27-4FD2-9D5C-A45FC5AEE8F7}.Debug|Any CPU.ActiveCfg = Debug|Any CPU
		{6C833629-2E27-4FD2-9D5C-A45FC5AEE8F7}.Debug|Any CPU.Build.0 = Debug|Any CPU
		{6C833629-2E27-4FD2-9D5C-A45FC5AEE8F7}.Release|Any CPU.ActiveCfg = Release|Any CPU
		{6C833629-2E27-4FD2-9D5C-A45FC5AEE8F7}.Release|Any CPU.Build.0 = Release|Any CPU
	EndGlobalSection
	GlobalSection(SolutionProperties) = preSolution
		HideSolutionNode = FALSE
	EndGlobalSection
	GlobalSection(NestedProjects) = preSolution
		{E637DBB3-9EB5-4555-9625-7039BCE49E12} = {2B257628-CB00-42A5-BA73-654C1A1B246A}
		{D0B47E3E-DA03-405D-B369-151459157693} = {1F89658D-36FA-444F-AFCC-FBE7611DE77A}
		{43327971-2996-4A4D-A2CC-F491B31F1493} = {1F89658D-36FA-444F-AFCC-FBE7611DE77A}
		{57866B33-D050-4562-84AD-472824C8EAC6} = {1F89658D-36FA-444F-AFCC-FBE7611DE77A}
		{B4FC9916-8D92-4B6E-8F70-155B8B3575EB} = {182913B6-D217-450B-8A8F-ECE069EBB8C3}
		{FACABD92-21CE-46FD-8C49-C35DC9E330A8} = {182913B6-D217-450B-8A8F-ECE069EBB8C3}
		{B32D5477-3F86-4657-995B-AED87F13E331} = {63ADB756-1837-474C-AA5A-03241B762E50}
		{8F9A5E89-2AE2-4CD6-9005-77F6AEF8212E} = {63ADB756-1837-474C-AA5A-03241B762E50}
		{96935D06-5B04-4DAE-B02B-90AD1AAC63EE} = {A7431686-AF05-4682-A230-4D990A5A7CD2}
		{C16832DB-32AD-4EFE-B99A-14F4EE9E336B} = {A7431686-AF05-4682-A230-4D990A5A7CD2}
		{6C833629-2E27-4FD2-9D5C-A45FC5AEE8F7} = {A7431686-AF05-4682-A230-4D990A5A7CD2}
	EndGlobalSection
EndGlobal
